
Microsoft Visual Studio Solution File, Format Version 12.00
# Visual Studio 14
VisualStudioVersion = 14.0.24720.0
MinimumVisualStudioVersion = 10.0.40219.1
Project("{2150E333-8FDC-42A3-9474-1A3956D46DE8}") = "Solution Items", "Solution Items", "{500522CD-5872-41EF-8388-CB9AC5AF3768}"
	ProjectSection(SolutionItems) = preProject
		index.html = index.html
		svgstyle.css = svgstyle.css
	EndProjectSection
EndProject
Project("{2150E333-8FDC-42A3-9474-1A3956D46DE8}") = "templates", "templates", "{9ABC3135-210D-4086-9977-E75017D32272}"
	ProjectSection(SolutionItems) = preProject
		templates\graphicsTemplate.html = templates\graphicsTemplate.html
		templates\keyGenerationTemplate.html = templates\keyGenerationTemplate.html
	EndProjectSection
EndProject
Project("{2150E333-8FDC-42A3-9474-1A3956D46DE8}") = "js", "js", "{1078799B-EEAF-442F-A564-800B6DFE0834}"
	ProjectSection(SolutionItems) = preProject
		js\AnimationDirectives.js = js\AnimationDirectives.js
		js\AnimationModelFactory.js = js\AnimationModelFactory.js
		js\AnimationService.js = js\AnimationService.js
		js\EncryptionDirectives.js = js\EncryptionDirectives.js
		js\EncryptionFactory.js = js\EncryptionFactory.js
		js\MathService.js = js\MathService.js
		js\myApp.js = js\myApp.js
	EndProjectSection
EndProject
Project("{2150E333-8FDC-42A3-9474-1A3956D46DE8}") = "test", "test", "{44CE395E-63C0-4D1F-A4F1-CAA4220B42B6}"
	ProjectSection(SolutionItems) = preProject
		test\EncryptionSpec.js = test\EncryptionSpec.js
		test\MathSpec.js = test\MathSpec.js
	EndProjectSection
EndProject
Global
	GlobalSection(SolutionProperties) = preSolution
		HideSolutionNode = FALSE
	EndGlobalSection
	GlobalSection(NestedProjects) = preSolution
		{9ABC3135-210D-4086-9977-E75017D32272} = {500522CD-5872-41EF-8388-CB9AC5AF3768}
		{1078799B-EEAF-442F-A564-800B6DFE0834} = {500522CD-5872-41EF-8388-CB9AC5AF3768}
		{44CE395E-63C0-4D1F-A4F1-CAA4220B42B6} = {500522CD-5872-41EF-8388-CB9AC5AF3768}
	EndGlobalSection
EndGlobal
